
Microsoft Visual Studio Solution File, Format Version 12.00
# Visual Studio Version 17
VisualStudioVersion = 17.13.35825.156 d17.13
MinimumVisualStudioVersion = 10.0.40219.1
Project("{FAE04EC0-301F-11D3-BF4B-00C04F79EFBC}") = "J-GO_API", "J-GO_API\J-GO_API.csproj", "{8D8272F6-A9B2-474C-A0F5-DD9F481CDCA2}"
EndProject
Global
	GlobalSection(SolutionConfigurationPlatforms) = preSolution
		Debug|Any CPU = Debug|Any CPU
		Release|Any CPU = Release|Any CPU
	EndGlobalSection
	GlobalSection(ProjectConfigurationPlatforms) = postSolution
		{8D8272F6-A9B2-474C-A0F5-DD9F481CDCA2}.Debug|Any CPU.ActiveCfg = Debug|Any CPU
		{8D8272F6-A9B2-474C-A0F5-DD9F481CDCA2}.Debug|Any CPU.Build.0 = Debug|Any CPU
		{8D8272F6-A9B2-474C-A0F5-DD9F481CDCA2}.Release|Any CPU.ActiveCfg = Release|Any CPU
		{8D8272F6-A9B2-474C-A0F5-DD9F481CDCA2}.Release|Any CPU.Build.0 = Release|Any CPU
	EndGlobalSection
	GlobalSection(SolutionProperties) = preSolution
		HideSolutionNode = FALSE
	EndGlobalSection
	GlobalSection(ExtensibilityGlobals) = postSolution
		SolutionGuid = {A17808E4-4048-49E0-B460-6A8B19575F90}
	EndGlobalSection
EndGlobal
